// !$*UTF8*$!
{
	archiveVersion = 1;
	classes = {
	};
	objectVersion = 55;
	objects = {

/* Begin PBXBuildFile section */
		2A4C322E2DB9318000F400AE /* CurrentTaskView.swift in Sources */ = {isa = PBXBuildFile; fileRef = 2A4C322D2DB9318000F400AE /* CurrentTaskView.swift */; };
		2A4C32312DB9318C00F400AE /* PlannerView.swift in Sources */ = {isa = PBXBuildFile; fileRef = 2A4C322F2DB9318C00F400AE /* PlannerView.swift */; };
		2A4C32322DB9318C00F400AE /* chironApp.swift in Sources */ = {isa = PBXBuildFile; fileRef = 2A4C32302DB9318C00F400AE /* chironApp.swift */; };
		2A4C32342DB931A400F400AE /* TabBar.swift in Sources */ = {isa = PBXBuildFile; fileRef = 2A4C32332DB931A400F400AE /* TabBar.swift */; };
		2A5E7C942DB7D61500B10322 /* EventInfoView.swift in Sources */ = {isa = PBXBuildFile; fileRef = 2A5E7C932DB7D61500B10322 /* EventInfoView.swift */; };
		2A5E7C962DB7D72600B10322 /* InfoView.swift in Sources */ = {isa = PBXBuildFile; fileRef = 2A5E7C952DB7D72600B10322 /* InfoView.swift */; };
		2A5E7C982DB7DAF600B10322 /* Event.swift in Sources */ = {isa = PBXBuildFile; fileRef = 2A5E7C972DB7DAF600B10322 /* Event.swift */; };
		2A5E7C9A2DB7DD9500B10322 /* Travel.swift in Sources */ = {isa = PBXBuildFile; fileRef = 2A5E7C992DB7DD9500B10322 /* Travel.swift */; };
		2A5E7C9D2DB7E08F00B10322 /* Week.swift in Sources */ = {isa = PBXBuildFile; fileRef = 2A5E7C9C2DB7E08F00B10322 /* Week.swift */; };
		2A5E7C9F2DB7E11700B10322 /* RoutineItem.swift in Sources */ = {isa = PBXBuildFile; fileRef = 2A5E7C9E2DB7E11700B10322 /* RoutineItem.swift */; };
		2A5E7CA12DB7E72200B10322 /* TravelinfoView.swift in Sources */ = {isa = PBXBuildFile; fileRef = 2A5E7CA02DB7E72200B10322 /* TravelinfoView.swift */; };
		2A9930792DB016EF00C393AF /* ColorExtension.swift in Sources */ = {isa = PBXBuildFile; fileRef = 2A9930782DB016EF00C393AF /* ColorExtension.swift */; };
		2AC357192DAFF22800429D10 /* TaskStyle.swift in Sources */ = {isa = PBXBuildFile; fileRef = 2AC357182DAFF22800429D10 /* TaskStyle.swift */; };
		2AC416662DAE8FE9008E4538 /* TaskInfoView.swift in Sources */ = {isa = PBXBuildFile; fileRef = 2AC416652DAE8FE9008E4538 /* TaskInfoView.swift */; };
		2AC416692DAE9262008E4538 /* Task.swift in Sources */ = {isa = PBXBuildFile; fileRef = 2AC416682DAE9262008E4538 /* Task.swift */; };
		4E51FCA82DBA774E007A7304 /* GreenButtonStyle.swift in Sources */ = {isa = PBXBuildFile; fileRef = 4E51FCA72DBA774E007A7304 /* GreenButtonStyle.swift */; };
		4E51FCAA2DBBB79E007A7304 /* EditTaskView.swift in Sources */ = {isa = PBXBuildFile; fileRef = 4E51FCA92DBBB79E007A7304 /* EditTaskView.swift */; };
		4E51FCAC2DBBD2E1007A7304 /* ColorfulShapeStyle.swift in Sources */ = {isa = PBXBuildFile; fileRef = 4E51FCAB2DBBD2E1007A7304 /* ColorfulShapeStyle.swift */; };
		4E76A8692DC0F1B300E4580B /* Day.swift in Sources */ = {isa = PBXBuildFile; fileRef = 4E76A8682DC0F1B300E4580B /* Day.swift */; };
		4E76A86D2DC1238300E4580B /* ChecklistItem.swift in Sources */ = {isa = PBXBuildFile; fileRef = 4E76A86C2DC1238300E4580B /* ChecklistItem.swift */; };
		64C2472B2DAD376D00AD3ECC /* Assets.xcassets in Resources */ = {isa = PBXBuildFile; fileRef = 64C2472A2DAD376D00AD3ECC /* Assets.xcassets */; };
		64C2472E2DAD376D00AD3ECC /* Preview Assets.xcassets in Resources */ = {isa = PBXBuildFile; fileRef = 64C2472D2DAD376D00AD3ECC /* Preview Assets.xcassets */; };
		ADE11D2B2DB9511D00C5833E /* AddItemView.swift in Sources */ = {isa = PBXBuildFile; fileRef = ADE11D2A2DB9511D00C5833E /* AddItemView.swift */; };
/* End PBXBuildFile section */

/* Begin PBXFileReference section */
		2A4C322D2DB9318000F400AE /* CurrentTaskView.swift */ = {isa = PBXFileReference; fileEncoding = 4; lastKnownFileType = sourcecode.swift; path = CurrentTaskView.swift; sourceTree = "<group>"; };
		2A4C322F2DB9318C00F400AE /* PlannerView.swift */ = {isa = PBXFileReference; fileEncoding = 4; lastKnownFileType = sourcecode.swift; path = PlannerView.swift; sourceTree = "<group>"; };
		2A4C32302DB9318C00F400AE /* chironApp.swift */ = {isa = PBXFileReference; fileEncoding = 4; lastKnownFileType = sourcecode.swift; path = chironApp.swift; sourceTree = "<group>"; };
		2A4C32332DB931A400F400AE /* TabBar.swift */ = {isa = PBXFileReference; lastKnownFileType = sourcecode.swift; path = TabBar.swift; sourceTree = "<group>"; };
		2A5E7C932DB7D61500B10322 /* EventInfoView.swift */ = {isa = PBXFileReference; lastKnownFileType = sourcecode.swift; path = EventInfoView.swift; sourceTree = "<group>"; };
		2A5E7C952DB7D72600B10322 /* InfoView.swift */ = {isa = PBXFileReference; lastKnownFileType = sourcecode.swift; path = InfoView.swift; sourceTree = "<group>"; };
		2A5E7C972DB7DAF600B10322 /* Event.swift */ = {isa = PBXFileReference; lastKnownFileType = sourcecode.swift; path = Event.swift; sourceTree = "<group>"; };
		2A5E7C992DB7DD9500B10322 /* Travel.swift */ = {isa = PBXFileReference; lastKnownFileType = sourcecode.swift; path = Travel.swift; sourceTree = "<group>"; };
		2A5E7C9C2DB7E08F00B10322 /* Week.swift */ = {isa = PBXFileReference; lastKnownFileType = sourcecode.swift; path = Week.swift; sourceTree = "<group>"; };
		2A5E7C9E2DB7E11700B10322 /* RoutineItem.swift */ = {isa = PBXFileReference; lastKnownFileType = sourcecode.swift; path = RoutineItem.swift; sourceTree = "<group>"; };
		2A5E7CA02DB7E72200B10322 /* TravelinfoView.swift */ = {isa = PBXFileReference; lastKnownFileType = sourcecode.swift; path = TravelinfoView.swift; sourceTree = "<group>"; };
		2A9930782DB016EF00C393AF /* ColorExtension.swift */ = {isa = PBXFileReference; lastKnownFileType = sourcecode.swift; path = ColorExtension.swift; sourceTree = "<group>"; };
		2AC357182DAFF22800429D10 /* TaskStyle.swift */ = {isa = PBXFileReference; lastKnownFileType = sourcecode.swift; path = TaskStyle.swift; sourceTree = "<group>"; };
		2AC416652DAE8FE9008E4538 /* TaskInfoView.swift */ = {isa = PBXFileReference; lastKnownFileType = sourcecode.swift; path = TaskInfoView.swift; sourceTree = "<group>"; };
		2AC416682DAE9262008E4538 /* Task.swift */ = {isa = PBXFileReference; lastKnownFileType = sourcecode.swift; path = Task.swift; sourceTree = "<group>"; };
		4E51FCA72DBA774E007A7304 /* GreenButtonStyle.swift */ = {isa = PBXFileReference; lastKnownFileType = sourcecode.swift; path = GreenButtonStyle.swift; sourceTree = "<group>"; };
		4E51FCA92DBBB79E007A7304 /* EditTaskView.swift */ = {isa = PBXFileReference; lastKnownFileType = sourcecode.swift; path = EditTaskView.swift; sourceTree = "<group>"; };
		4E51FCAB2DBBD2E1007A7304 /* ColorfulShapeStyle.swift */ = {isa = PBXFileReference; lastKnownFileType = sourcecode.swift; path = ColorfulShapeStyle.swift; sourceTree = "<group>"; };
		4E76A8682DC0F1B300E4580B /* Day.swift */ = {isa = PBXFileReference; lastKnownFileType = sourcecode.swift; path = Day.swift; sourceTree = "<group>"; };
		4E76A86C2DC1238300E4580B /* ChecklistItem.swift */ = {isa = PBXFileReference; lastKnownFileType = sourcecode.swift; path = ChecklistItem.swift; sourceTree = "<group>"; };
		64C247232DAD376A00AD3ECC /* chiron.app */ = {isa = PBXFileReference; explicitFileType = wrapper.application; includeInIndex = 0; path = chiron.app; sourceTree = BUILT_PRODUCTS_DIR; };
		64C2472A2DAD376D00AD3ECC /* Assets.xcassets */ = {isa = PBXFileReference; lastKnownFileType = folder.assetcatalog; path = Assets.xcassets; sourceTree = "<group>"; };
		64C2472D2DAD376D00AD3ECC /* Preview Assets.xcassets */ = {isa = PBXFileReference; lastKnownFileType = folder.assetcatalog; path = "Preview Assets.xcassets"; sourceTree = "<group>"; };
		ADE11D2A2DB9511D00C5833E /* AddItemView.swift */ = {isa = PBXFileReference; fileEncoding = 4; lastKnownFileType = sourcecode.swift; path = AddItemView.swift; sourceTree = "<group>"; };
/* End PBXFileReference section */

/* Begin PBXFrameworksBuildPhase section */
		64C247202DAD376A00AD3ECC /* Frameworks */ = {
			isa = PBXFrameworksBuildPhase;
			buildActionMask = 2147483647;
			files = (
			);
			runOnlyForDeploymentPostprocessing = 0;
		};
/* End PBXFrameworksBuildPhase section */

/* Begin PBXGroup section */
		2A1BAB4B2DB8007900524A11 /* Views */ = {
			isa = PBXGroup;
			children = (
				2A1BAB4C2DB8009A00524A11 /* Info */,
				2A4C32302DB9318C00F400AE /* chironApp.swift */,
				ADE11D2A2DB9511D00C5833E /* AddItemView.swift */,
				2A4C322F2DB9318C00F400AE /* PlannerView.swift */,
				4E51FCA92DBBB79E007A7304 /* EditTaskView.swift */,
			);
			path = Views;
			sourceTree = "<group>";
		};
		2A1BAB4C2DB8009A00524A11 /* Info */ = {
			isa = PBXGroup;
			children = (
				2A4C322D2DB9318000F400AE /* CurrentTaskView.swift */,
				2A5E7C952DB7D72600B10322 /* InfoView.swift */,
				2AC416652DAE8FE9008E4538 /* TaskInfoView.swift */,
				2A5E7C932DB7D61500B10322 /* EventInfoView.swift */,
				2A5E7CA02DB7E72200B10322 /* TravelinfoView.swift */,
			);
			path = Info;
			sourceTree = "<group>";
		};
		2A4C32352DB931B500F400AE /* Components */ = {
			isa = PBXGroup;
			children = (
				2A4C32332DB931A400F400AE /* TabBar.swift */,
			);
			path = Components;
			sourceTree = "<group>";
		};
		2A5E7C9B2DB7DEFB00B10322 /* Extensions */ = {
			isa = PBXGroup;
			children = (
				2A9930782DB016EF00C393AF /* ColorExtension.swift */,
			);
			path = Extensions;
			sourceTree = "<group>";
		};
		2A5E7CA22DB7F9AB00B10322 /* Styling */ = {
			isa = PBXGroup;
			children = (
				4E51FCA72DBA774E007A7304 /* GreenButtonStyle.swift */,
				2AC357182DAFF22800429D10 /* TaskStyle.swift */,
				4E51FCAB2DBBD2E1007A7304 /* ColorfulShapeStyle.swift */,
			);
			path = Styling;
			sourceTree = "<group>";
		};
		2AC416672DAE9242008E4538 /* Models */ = {
			isa = PBXGroup;
			children = (
				2AC416682DAE9262008E4538 /* Task.swift */,
				2A5E7C972DB7DAF600B10322 /* Event.swift */,
				2A5E7C992DB7DD9500B10322 /* Travel.swift */,
				2A5E7C9C2DB7E08F00B10322 /* Week.swift */,
				2A5E7C9E2DB7E11700B10322 /* RoutineItem.swift */,
				4E76A8682DC0F1B300E4580B /* Day.swift */,
				4E76A86C2DC1238300E4580B /* ChecklistItem.swift */,
			);
			path = Models;
			sourceTree = "<group>";
		};
		64C2471A2DAD376A00AD3ECC = {
			isa = PBXGroup;
			children = (
				64C247252DAD376A00AD3ECC /* chiron */,
				64C247242DAD376A00AD3ECC /* Products */,
			);
			sourceTree = "<group>";
		};
		64C247242DAD376A00AD3ECC /* Products */ = {
			isa = PBXGroup;
			children = (
				64C247232DAD376A00AD3ECC /* chiron.app */,
			);
			name = Products;
			sourceTree = "<group>";
		};
		64C247252DAD376A00AD3ECC /* chiron */ = {
			isa = PBXGroup;
			children = (
				2A4C32352DB931B500F400AE /* Components */,
				2A5E7CA22DB7F9AB00B10322 /* Styling */,
				2A5E7C9B2DB7DEFB00B10322 /* Extensions */,
				2AC416672DAE9242008E4538 /* Models */,
				2A1BAB4B2DB8007900524A11 /* Views */,
				64C2472A2DAD376D00AD3ECC /* Assets.xcassets */,
				64C2472C2DAD376D00AD3ECC /* Preview Content */,
			);
			path = chiron;
			sourceTree = "<group>";
		};
		64C2472C2DAD376D00AD3ECC /* Preview Content */ = {
			isa = PBXGroup;
			children = (
				64C2472D2DAD376D00AD3ECC /* Preview Assets.xcassets */,
			);
			path = "Preview Content";
			sourceTree = "<group>";
		};
/* End PBXGroup section */

/* Begin PBXNativeTarget section */
		64C247222DAD376A00AD3ECC /* chiron */ = {
			isa = PBXNativeTarget;
			buildConfigurationList = 64C247312DAD376D00AD3ECC /* Build configuration list for PBXNativeTarget "chiron" */;
			buildPhases = (
				64C2471F2DAD376A00AD3ECC /* Sources */,
				64C247202DAD376A00AD3ECC /* Frameworks */,
				64C247212DAD376A00AD3ECC /* Resources */,
			);
			buildRules = (
			);
			dependencies = (
			);
			name = chiron;
			productName = chiron;
			productReference = 64C247232DAD376A00AD3ECC /* chiron.app */;
			productType = "com.apple.product-type.application";
		};
/* End PBXNativeTarget section */

/* Begin PBXProject section */
		64C2471B2DAD376A00AD3ECC /* Project object */ = {
			isa = PBXProject;
			attributes = {
				BuildIndependentTargetsInParallel = 1;
				LastSwiftUpdateCheck = 1320;
				LastUpgradeCheck = 1320;
				TargetAttributes = {
					64C247222DAD376A00AD3ECC = {
						CreatedOnToolsVersion = 13.2;
						LastSwiftMigration = 1320;
					};
				};
			};
			buildConfigurationList = 64C2471E2DAD376A00AD3ECC /* Build configuration list for PBXProject "chiron" */;
			compatibilityVersion = "Xcode 13.0";
			developmentRegion = en;
			hasScannedForEncodings = 0;
			knownRegions = (
				en,
				Base,
			);
			mainGroup = 64C2471A2DAD376A00AD3ECC;
			productRefGroup = 64C247242DAD376A00AD3ECC /* Products */;
			projectDirPath = "";
			projectRoot = "";
			targets = (
				64C247222DAD376A00AD3ECC /* chiron */,
			);
		};
/* End PBXProject section */

/* Begin PBXResourcesBuildPhase section */
		64C247212DAD376A00AD3ECC /* Resources */ = {
			isa = PBXResourcesBuildPhase;
			buildActionMask = 2147483647;
			files = (
				64C2472E2DAD376D00AD3ECC /* Preview Assets.xcassets in Resources */,
				64C2472B2DAD376D00AD3ECC /* Assets.xcassets in Resources */,
			);
			runOnlyForDeploymentPostprocessing = 0;
		};
/* End PBXResourcesBuildPhase section */

/* Begin PBXSourcesBuildPhase section */
		64C2471F2DAD376A00AD3ECC /* Sources */ = {
			isa = PBXSourcesBuildPhase;
			buildActionMask = 2147483647;
			files = (
				2A5E7C9A2DB7DD9500B10322 /* Travel.swift in Sources */,
				2A5E7CA12DB7E72200B10322 /* TravelinfoView.swift in Sources */,
				2A4C32312DB9318C00F400AE /* PlannerView.swift in Sources */,
				2A5E7C9D2DB7E08F00B10322 /* Week.swift in Sources */,
				2AC357192DAFF22800429D10 /* TaskStyle.swift in Sources */,
				2A5E7C942DB7D61500B10322 /* EventInfoView.swift in Sources */,
				4E51FCAC2DBBD2E1007A7304 /* ColorfulShapeStyle.swift in Sources */,
				2AC416662DAE8FE9008E4538 /* TaskInfoView.swift in Sources */,
				2A9930792DB016EF00C393AF /* ColorExtension.swift in Sources */,
				2A5E7C982DB7DAF600B10322 /* Event.swift in Sources */,
				4E51FCAA2DBBB79E007A7304 /* EditTaskView.swift in Sources */,
				2A4C32342DB931A400F400AE /* TabBar.swift in Sources */,
				2A5E7C962DB7D72600B10322 /* InfoView.swift in Sources */,
				2A4C322E2DB9318000F400AE /* CurrentTaskView.swift in Sources */,
				2AC416692DAE9262008E4538 /* Task.swift in Sources */,
				2A4C32322DB9318C00F400AE /* chironApp.swift in Sources */,
				4E76A86D2DC1238300E4580B /* ChecklistItem.swift in Sources */,
				4E51FCA82DBA774E007A7304 /* GreenButtonStyle.swift in Sources */,
				2A5E7C9F2DB7E11700B10322 /* RoutineItem.swift in Sources */,
				4E76A8692DC0F1B300E4580B /* Day.swift in Sources */,
				ADE11D2B2DB9511D00C5833E /* AddItemView.swift in Sources */,
			);
			runOnlyForDeploymentPostprocessing = 0;
		};
/* End PBXSourcesBuildPhase section */

/* Begin XCBuildConfiguration section */
		64C2472F2DAD376D00AD3ECC /* Debug */ = {
			isa = XCBuildConfiguration;
			buildSettings = {
				ALWAYS_SEARCH_USER_PATHS = NO;
				CLANG_ANALYZER_NONNULL = YES;
				CLANG_ANALYZER_NUMBER_OBJECT_CONVERSION = YES_AGGRESSIVE;
				CLANG_CXX_LANGUAGE_STANDARD = "gnu++17";
				CLANG_CXX_LIBRARY = "libc++";
				CLANG_ENABLE_MODULES = YES;
				CLANG_ENABLE_OBJC_ARC = YES;
				CLANG_ENABLE_OBJC_WEAK = YES;
				CLANG_WARN_BLOCK_CAPTURE_AUTORELEASING = YES;
				CLANG_WARN_BOOL_CONVERSION = YES;
				CLANG_WARN_COMMA = YES;
				CLANG_WARN_CONSTANT_CONVERSION = YES;
				CLANG_WARN_DEPRECATED_OBJC_IMPLEMENTATIONS = YES;
				CLANG_WARN_DIRECT_OBJC_ISA_USAGE = YES_ERROR;
				CLANG_WARN_DOCUMENTATION_COMMENTS = YES;
				CLANG_WARN_EMPTY_BODY = YES;
				CLANG_WARN_ENUM_CONVERSION = YES;
				CLANG_WARN_INFINITE_RECURSION = YES;
				CLANG_WARN_INT_CONVERSION = YES;
				CLANG_WARN_NON_LITERAL_NULL_CONVERSION = YES;
				CLANG_WARN_OBJC_IMPLICIT_RETAIN_SELF = YES;
				CLANG_WARN_OBJC_LITERAL_CONVERSION = YES;
				CLANG_WARN_OBJC_ROOT_CLASS = YES_ERROR;
				CLANG_WARN_QUOTED_INCLUDE_IN_FRAMEWORK_HEADER = YES;
				CLANG_WARN_RANGE_LOOP_ANALYSIS = YES;
				CLANG_WARN_STRICT_PROTOTYPES = YES;
				CLANG_WARN_SUSPICIOUS_MOVE = YES;
				CLANG_WARN_UNGUARDED_AVAILABILITY = YES_AGGRESSIVE;
				CLANG_WARN_UNREACHABLE_CODE = YES;
				CLANG_WARN__DUPLICATE_METHOD_MATCH = YES;
				COPY_PHASE_STRIP = NO;
				DEBUG_INFORMATION_FORMAT = dwarf;
				ENABLE_STRICT_OBJC_MSGSEND = YES;
				ENABLE_TESTABILITY = YES;
				GCC_C_LANGUAGE_STANDARD = gnu11;
				GCC_DYNAMIC_NO_PIC = NO;
				GCC_NO_COMMON_BLOCKS = YES;
				GCC_OPTIMIZATION_LEVEL = 0;
				GCC_PREPROCESSOR_DEFINITIONS = (
					"DEBUG=1",
					"$(inherited)",
				);
				GCC_WARN_64_TO_32_BIT_CONVERSION = YES;
				GCC_WARN_ABOUT_RETURN_TYPE = YES_ERROR;
				GCC_WARN_UNDECLARED_SELECTOR = YES;
				GCC_WARN_UNINITIALIZED_AUTOS = YES_AGGRESSIVE;
				GCC_WARN_UNUSED_FUNCTION = YES;
				GCC_WARN_UNUSED_VARIABLE = YES;
				IPHONEOS_DEPLOYMENT_TARGET = 15.2;
				MTL_ENABLE_DEBUG_INFO = INCLUDE_SOURCE;
				MTL_FAST_MATH = YES;
				ONLY_ACTIVE_ARCH = YES;
				SDKROOT = iphoneos;
				SWIFT_ACTIVE_COMPILATION_CONDITIONS = DEBUG;
				SWIFT_OPTIMIZATION_LEVEL = "-Onone";
			};
			name = Debug;
		};
		64C247302DAD376D00AD3ECC /* Release */ = {
			isa = XCBuildConfiguration;
			buildSettings = {
				ALWAYS_SEARCH_USER_PATHS = NO;
				CLANG_ANALYZER_NONNULL = YES;
				CLANG_ANALYZER_NUMBER_OBJECT_CONVERSION = YES_AGGRESSIVE;
				CLANG_CXX_LANGUAGE_STANDARD = "gnu++17";
				CLANG_CXX_LIBRARY = "libc++";
				CLANG_ENABLE_MODULES = YES;
				CLANG_ENABLE_OBJC_ARC = YES;
				CLANG_ENABLE_OBJC_WEAK = YES;
				CLANG_WARN_BLOCK_CAPTURE_AUTORELEASING = YES;
				CLANG_WARN_BOOL_CONVERSION = YES;
				CLANG_WARN_COMMA = YES;
				CLANG_WARN_CONSTANT_CONVERSION = YES;
				CLANG_WARN_DEPRECATED_OBJC_IMPLEMENTATIONS = YES;
				CLANG_WARN_DIRECT_OBJC_ISA_USAGE = YES_ERROR;
				CLANG_WARN_DOCUMENTATION_COMMENTS = YES;
				CLANG_WARN_EMPTY_BODY = YES;
				CLANG_WARN_ENUM_CONVERSION = YES;
				CLANG_WARN_INFINITE_RECURSION = YES;
				CLANG_WARN_INT_CONVERSION = YES;
				CLANG_WARN_NON_LITERAL_NULL_CONVERSION = YES;
				CLANG_WARN_OBJC_IMPLICIT_RETAIN_SELF = YES;
				CLANG_WARN_OBJC_LITERAL_CONVERSION = YES;
				CLANG_WARN_OBJC_ROOT_CLASS = YES_ERROR;
				CLANG_WARN_QUOTED_INCLUDE_IN_FRAMEWORK_HEADER = YES;
				CLANG_WARN_RANGE_LOOP_ANALYSIS = YES;
				CLANG_WARN_STRICT_PROTOTYPES = YES;
				CLANG_WARN_SUSPICIOUS_MOVE = YES;
				CLANG_WARN_UNGUARDED_AVAILABILITY = YES_AGGRESSIVE;
				CLANG_WARN_UNREACHABLE_CODE = YES;
				CLANG_WARN__DUPLICATE_METHOD_MATCH = YES;
				COPY_PHASE_STRIP = NO;
				DEBUG_INFORMATION_FORMAT = "dwarf-with-dsym";
				ENABLE_NS_ASSERTIONS = NO;
				ENABLE_STRICT_OBJC_MSGSEND = YES;
				GCC_C_LANGUAGE_STANDARD = gnu11;
				GCC_NO_COMMON_BLOCKS = YES;
				GCC_WARN_64_TO_32_BIT_CONVERSION = YES;
				GCC_WARN_ABOUT_RETURN_TYPE = YES_ERROR;
				GCC_WARN_UNDECLARED_SELECTOR = YES;
				GCC_WARN_UNINITIALIZED_AUTOS = YES_AGGRESSIVE;
				GCC_WARN_UNUSED_FUNCTION = YES;
				GCC_WARN_UNUSED_VARIABLE = YES;
				IPHONEOS_DEPLOYMENT_TARGET = 15.2;
				MTL_ENABLE_DEBUG_INFO = NO;
				MTL_FAST_MATH = YES;
				SDKROOT = iphoneos;
				SWIFT_COMPILATION_MODE = wholemodule;
				SWIFT_OPTIMIZATION_LEVEL = "-O";
				VALIDATE_PRODUCT = YES;
			};
			name = Release;
		};
		64C247322DAD376D00AD3ECC /* Debug */ = {
			isa = XCBuildConfiguration;
			buildSettings = {
				ASSETCATALOG_COMPILER_APPICON_NAME = AppIcon;
				ASSETCATALOG_COMPILER_GLOBAL_ACCENT_COLOR_NAME = AccentColor;
				CLANG_ENABLE_MODULES = YES;
				CODE_SIGN_STYLE = Automatic;
				CURRENT_PROJECT_VERSION = 1;
				DEVELOPMENT_ASSET_PATHS = "\"chiron/Preview Content\"";
				DEVELOPMENT_TEAM = NK435L8P22;
				ENABLE_PREVIEWS = YES;
				GENERATE_INFOPLIST_FILE = YES;
				INFOPLIST_KEY_UIApplicationSceneManifest_Generation = YES;
				INFOPLIST_KEY_UIApplicationSupportsIndirectInputEvents = YES;
				INFOPLIST_KEY_UILaunchScreen_Generation = YES;
				INFOPLIST_KEY_UISupportedInterfaceOrientations_iPad = "UIInterfaceOrientationPortrait UIInterfaceOrientationPortraitUpsideDown UIInterfaceOrientationLandscapeLeft UIInterfaceOrientationLandscapeRight";
				INFOPLIST_KEY_UISupportedInterfaceOrientations_iPhone = "UIInterfaceOrientationPortrait UIInterfaceOrientationLandscapeLeft UIInterfaceOrientationLandscapeRight";
				LD_RUNPATH_SEARCH_PATHS = (
					"$(inherited)",
					"@executable_path/Frameworks",
				);
				MARKETING_VERSION = 1.0;
				PRODUCT_BUNDLE_IDENTIFIER = atrapalhados.chiron;
				PRODUCT_NAME = "$(TARGET_NAME)";
				SWIFT_EMIT_LOC_STRINGS = YES;
				SWIFT_OPTIMIZATION_LEVEL = "-Onone";
				SWIFT_VERSION = 5.0;
				TARGETED_DEVICE_FAMILY = "1,2";
			};
			name = Debug;
		};
		64C247332DAD376D00AD3ECC /* Release */ = {
			isa = XCBuildConfiguration;
			buildSettings = {
				ASSETCATALOG_COMPILER_APPICON_NAME = AppIcon;
				ASSETCATALOG_COMPILER_GLOBAL_ACCENT_COLOR_NAME = AccentColor;
				CLANG_ENABLE_MODULES = YES;
				CODE_SIGN_STYLE = Automatic;
				CURRENT_PROJECT_VERSION = 1;
				DEVELOPMENT_ASSET_PATHS = "\"chiron/Preview Content\"";
				DEVELOPMENT_TEAM = NK435L8P22;
				ENABLE_PREVIEWS = YES;
				GENERATE_INFOPLIST_FILE = YES;
				INFOPLIST_KEY_UIApplicationSceneManifest_Generation = YES;
				INFOPLIST_KEY_UIApplicationSupportsIndirectInputEvents = YES;
				INFOPLIST_KEY_UILaunchScreen_Generation = YES;
				INFOPLIST_KEY_UISupportedInterfaceOrientations_iPad = "UIInterfaceOrientationPortrait UIInterfaceOrientationPortraitUpsideDown UIInterfaceOrientationLandscapeLeft UIInterfaceOrientationLandscapeRight";
				INFOPLIST_KEY_UISupportedInterfaceOrientations_iPhone = "UIInterfaceOrientationPortrait UIInterfaceOrientationLandscapeLeft UIInterfaceOrientationLandscapeRight";
				LD_RUNPATH_SEARCH_PATHS = (
					"$(inherited)",
					"@executable_path/Frameworks",
				);
				MARKETING_VERSION = 1.0;
				PRODUCT_BUNDLE_IDENTIFIER = atrapalhados.chiron;
				PRODUCT_NAME = "$(TARGET_NAME)";
				SWIFT_EMIT_LOC_STRINGS = YES;
				SWIFT_VERSION = 5.0;
				TARGETED_DEVICE_FAMILY = "1,2";
			};
			name = Release;
		};
/* End XCBuildConfiguration section */

/* Begin XCConfigurationList section */
		64C2471E2DAD376A00AD3ECC /* Build configuration list for PBXProject "chiron" */ = {
			isa = XCConfigurationList;
			buildConfigurations = (
				64C2472F2DAD376D00AD3ECC /* Debug */,
				64C247302DAD376D00AD3ECC /* Release */,
			);
			defaultConfigurationIsVisible = 0;
			defaultConfigurationName = Release;
		};
		64C247312DAD376D00AD3ECC /* Build configuration list for PBXNativeTarget "chiron" */ = {
			isa = XCConfigurationList;
			buildConfigurations = (
				64C247322DAD376D00AD3ECC /* Debug */,
				64C247332DAD376D00AD3ECC /* Release */,
			);
			defaultConfigurationIsVisible = 0;
			defaultConfigurationName = Release;
		};
/* End XCConfigurationList section */
	};
	rootObject = 64C2471B2DAD376A00AD3ECC /* Project object */;
}
